
Microsoft Visual Studio Solution File, Format Version 12.00
# Visual Studio Version 16
VisualStudioVersion = 16.0.30717.126
MinimumVisualStudioVersion = 10.0.40219.1
Project("{9A19103F-16F7-4668-BE54-9A1E7A4F7556}") = "CLI", "CommandLine\CLI.csproj", "{955053A7-8660-4927-8390-452B8958602F}"
EndProject
Project("{9A19103F-16F7-4668-BE54-9A1E7A4F7556}") = "Engine", "Engine\Engine.csproj", "{536CA04C-72E9-405D-B8CA-126BE951D838}"
EndProject
Project("{9A19103F-16F7-4668-BE54-9A1E7A4F7556}") = "SqlParser", "SqlParser\SqlParser.csproj", "{EA3DCFCD-B678-47C5-9CA9-874FD57D291A}"
EndProject
Global
	GlobalSection(SolutionConfigurationPlatforms) = preSolution
		Debug|Any CPU = Debug|Any CPU
		Release|Any CPU = Release|Any CPU
	EndGlobalSection
	GlobalSection(ProjectConfigurationPlatforms) = postSolution
		{955053A7-8660-4927-8390-452B8958602F}.Debug|Any CPU.ActiveCfg = Debug|Any CPU
		{955053A7-8660-4927-8390-452B8958602F}.Debug|Any CPU.Build.0 = Debug|Any CPU
		{955053A7-8660-4927-8390-452B8958602F}.Release|Any CPU.ActiveCfg = Release|Any CPU
		{955053A7-8660-4927-8390-452B8958602F}.Release|Any CPU.Build.0 = Release|Any CPU
		{536CA04C-72E9-405D-B8CA-126BE951D838}.Debug|Any CPU.ActiveCfg = Debug|Any CPU
		{536CA04C-72E9-405D-B8CA-126BE951D838}.Debug|Any CPU.Build.0 = Debug|Any CPU
		{536CA04C-72E9-405D-B8CA-126BE951D838}.Release|Any CPU.ActiveCfg = Release|Any CPU
		{536CA04C-72E9-405D-B8CA-126BE951D838}.Release|Any CPU.Build.0 = Release|Any CPU
		{EA3DCFCD-B678-47C5-9CA9-874FD57D291A}.Debug|Any CPU.ActiveCfg = Debug|Any CPU
		{EA3DCFCD-B678-47C5-9CA9-874FD57D291A}.Debug|Any CPU.Build.0 = Debug|Any CPU
		{EA3DCFCD-B678-47C5-9CA9-874FD57D291A}.Release|Any CPU.ActiveCfg = Release|Any CPU
		{EA3DCFCD-B678-47C5-9CA9-874FD57D291A}.Release|Any CPU.Build.0 = Release|Any CPU
	EndGlobalSection
	GlobalSection(SolutionProperties) = preSolution
		HideSolutionNode = FALSE
	EndGlobalSection
	GlobalSection(ExtensibilityGlobals) = postSolution
		SolutionGuid = {34DC1BFC-4DC2-479B-9544-B07D970DB18D}
	EndGlobalSection
EndGlobal
